
Microsoft Visual Studio Solution File, Format Version 12.00
# Visual Studio Version 17
VisualStudioVersion = 17.10.35013.160
MinimumVisualStudioVersion = 10.0.40219.1
Project("{9A19103F-16F7-4668-BE54-9A1E7A4F7556}") = "Runner", "Runner\Runner.csproj", "{BCDAF1E7-E84A-42E8-B59F-090E1926731C}"
	ProjectSection(ProjectDependencies) = postProject
		{15FF34C8-5CF6-4068-A652-BC8785DB6F63} = {15FF34C8-5CF6-4068-A652-BC8785DB6F63}
	EndProjectSection
EndProject
Project("{9A19103F-16F7-4668-BE54-9A1E7A4F7556}") = "Core", "Core\Core.csproj", "{F002C597-1FFB-447D-A64A-4D65D7A9511C}"
EndProject
Project("{2150E333-8FDC-42A3-9474-1A3956D46DE8}") = "Solvers", "Solvers", "{113FB2A5-83F6-4AE9-B424-BD9318FC3C4B}"
EndProject
Project("{9A19103F-16F7-4668-BE54-9A1E7A4F7556}") = "Y2024", "Solvers\Y2024\Y2024.csproj", "{15FF34C8-5CF6-4068-A652-BC8785DB6F63}"
	ProjectSection(ProjectDependencies) = postProject
		{F002C597-1FFB-447D-A64A-4D65D7A9511C} = {F002C597-1FFB-447D-A64A-4D65D7A9511C}
	EndProjectSection
EndProject
Project("{9A19103F-16F7-4668-BE54-9A1E7A4F7556}") = "Y2023", "Solvers\Y2023\Y2023.csproj", "{C0096675-ABF1-4E09-9D9E-4721D160FEDC}"
EndProject
Project("{9A19103F-16F7-4668-BE54-9A1E7A4F7556}") = "Tests", "Tests\Tests.csproj", "{618E4EF7-9DDE-494B-8C41-5DA10F249856}"
EndProject
Global
	GlobalSection(SolutionConfigurationPlatforms) = preSolution
		Debug|Any CPU = Debug|Any CPU
		Release|Any CPU = Release|Any CPU
	EndGlobalSection
	GlobalSection(ProjectConfigurationPlatforms) = postSolution
		{BCDAF1E7-E84A-42E8-B59F-090E1926731C}.Debug|Any CPU.ActiveCfg = Debug|Any CPU
		{BCDAF1E7-E84A-42E8-B59F-090E1926731C}.Debug|Any CPU.Build.0 = Debug|Any CPU
		{BCDAF1E7-E84A-42E8-B59F-090E1926731C}.Release|Any CPU.ActiveCfg = Release|Any CPU
		{BCDAF1E7-E84A-42E8-B59F-090E1926731C}.Release|Any CPU.Build.0 = Release|Any CPU
		{F002C597-1FFB-447D-A64A-4D65D7A9511C}.Debug|Any CPU.ActiveCfg = Debug|Any CPU
		{F002C597-1FFB-447D-A64A-4D65D7A9511C}.Debug|Any CPU.Build.0 = Debug|Any CPU
		{F002C597-1FFB-447D-A64A-4D65D7A9511C}.Release|Any CPU.ActiveCfg = Release|Any CPU
		{F002C597-1FFB-447D-A64A-4D65D7A9511C}.Release|Any CPU.Build.0 = Release|Any CPU
		{15FF34C8-5CF6-4068-A652-BC8785DB6F63}.Debug|Any CPU.ActiveCfg = Debug|Any CPU
		{15FF34C8-5CF6-4068-A652-BC8785DB6F63}.Debug|Any CPU.Build.0 = Debug|Any CPU
		{15FF34C8-5CF6-4068-A652-BC8785DB6F63}.Release|Any CPU.ActiveCfg = Release|Any CPU
		{15FF34C8-5CF6-4068-A652-BC8785DB6F63}.Release|Any CPU.Build.0 = Release|Any CPU
		{C0096675-ABF1-4E09-9D9E-4721D160FEDC}.Debug|Any CPU.ActiveCfg = Debug|Any CPU
		{C0096675-ABF1-4E09-9D9E-4721D160FEDC}.Debug|Any CPU.Build.0 = Debug|Any CPU
		{C0096675-ABF1-4E09-9D9E-4721D160FEDC}.Release|Any CPU.ActiveCfg = Release|Any CPU
		{C0096675-ABF1-4E09-9D9E-4721D160FEDC}.Release|Any CPU.Build.0 = Release|Any CPU
		{618E4EF7-9DDE-494B-8C41-5DA10F249856}.Debug|Any CPU.ActiveCfg = Debug|Any CPU
		{618E4EF7-9DDE-494B-8C41-5DA10F249856}.Debug|Any CPU.Build.0 = Debug|Any CPU
		{618E4EF7-9DDE-494B-8C41-5DA10F249856}.Release|Any CPU.ActiveCfg = Release|Any CPU
		{618E4EF7-9DDE-494B-8C41-5DA10F249856}.Release|Any CPU.Build.0 = Release|Any CPU
	EndGlobalSection
	GlobalSection(SolutionProperties) = preSolution
		HideSolutionNode = FALSE
	EndGlobalSection
	GlobalSection(NestedProjects) = preSolution
		{15FF34C8-5CF6-4068-A652-BC8785DB6F63} = {113FB2A5-83F6-4AE9-B424-BD9318FC3C4B}
		{C0096675-ABF1-4E09-9D9E-4721D160FEDC} = {113FB2A5-83F6-4AE9-B424-BD9318FC3C4B}
	EndGlobalSection
	GlobalSection(ExtensibilityGlobals) = postSolution
		SolutionGuid = {D41D8789-0DD5-4195-AD93-7B16917E1388}
	EndGlobalSection
EndGlobal
